
Microsoft Visual Studio Solution File, Format Version 12.00
# Visual Studio Version 17
VisualStudioVersion = 17.0.32014.148
MinimumVisualStudioVersion = 10.0.40219.1
Project("{FAE04EC0-301F-11D3-BF4B-00C04F79EFBC}") = "XLMapExtensions", "XLMapExtensions\XLMapExtensions.csproj", "{861F9CCF-EB8D-4B30-B729-94E4CD721AC0}"
EndProject
Global
	GlobalSection(SolutionConfigurationPlatforms) = preSolution
		Debug|Any CPU = Debug|Any CPU
		Release|Any CPU = Release|Any CPU
	EndGlobalSection
	GlobalSection(ProjectConfigurationPlatforms) = postSolution
		{861F9CCF-EB8D-4B30-B729-94E4CD721AC0}.Debug|Any CPU.ActiveCfg = Debug|Any CPU
		{861F9CCF-EB8D-4B30-B729-94E4CD721AC0}.Debug|Any CPU.Build.0 = Debug|Any CPU
		{861F9CCF-EB8D-4B30-B729-94E4CD721AC0}.Release|Any CPU.ActiveCfg = Release|Any CPU
		{861F9CCF-EB8D-4B30-B729-94E4CD721AC0}.Release|Any CPU.Build.0 = Release|Any CPU
	EndGlobalSection
	GlobalSection(SolutionProperties) = preSolution
		HideSolutionNode = FALSE
	EndGlobalSection
	GlobalSection(ExtensibilityGlobals) = postSolution
		SolutionGuid = {A787769B-A92E-4EB1-9067-F6DFE720310D}
	EndGlobalSection
EndGlobal
